
Microsoft Visual Studio Solution File, Format Version 12.00
# Visual Studio 15
Project("{FAE04EC0-301F-11D3-BF4B-00C04F79EFBC}") = "Assembly-CSharp", "Assembly-CSharp.csproj", "{EDDCEFD5-846C-5BA4-85B6-1B387A4E96FD}"
EndProject
Project("{FAE04EC0-301F-11D3-BF4B-00C04F79EFBC}") = "Assembly-CSharp-firstpass", "Assembly-CSharp-firstpass.csproj", "{BF2AFAB9-9DBE-9C7B-BF65-EB36011DF3DA}"
EndProject
Project("{FAE04EC0-301F-11D3-BF4B-00C04F79EFBC}") = "Assembly-CSharp-Editor", "Assembly-CSharp-Editor.csproj", "{2EF683C9-6491-E45E-E000-1D2E6721B3FA}"
EndProject
Global
	GlobalSection(SolutionConfigurationPlatforms) = preSolution
		Debug|Any CPU = Debug|Any CPU
		Release|Any CPU = Release|Any CPU
	EndGlobalSection
	GlobalSection(ProjectConfigurationPlatforms) = postSolution
		{EDDCEFD5-846C-5BA4-85B6-1B387A4E96FD}.Debug|Any CPU.ActiveCfg = Debug|Any CPU
		{EDDCEFD5-846C-5BA4-85B6-1B387A4E96FD}.Debug|Any CPU.Build.0 = Debug|Any CPU
		{EDDCEFD5-846C-5BA4-85B6-1B387A4E96FD}.Release|Any CPU.ActiveCfg = Release|Any CPU
		{EDDCEFD5-846C-5BA4-85B6-1B387A4E96FD}.Release|Any CPU.Build.0 = Release|Any CPU
		{BF2AFAB9-9DBE-9C7B-BF65-EB36011DF3DA}.Debug|Any CPU.ActiveCfg = Debug|Any CPU
		{BF2AFAB9-9DBE-9C7B-BF65-EB36011DF3DA}.Debug|Any CPU.Build.0 = Debug|Any CPU
		{BF2AFAB9-9DBE-9C7B-BF65-EB36011DF3DA}.Release|Any CPU.ActiveCfg = Release|Any CPU
		{BF2AFAB9-9DBE-9C7B-BF65-EB36011DF3DA}.Release|Any CPU.Build.0 = Release|Any CPU
		{2EF683C9-6491-E45E-E000-1D2E6721B3FA}.Debug|Any CPU.ActiveCfg = Debug|Any CPU
		{2EF683C9-6491-E45E-E000-1D2E6721B3FA}.Debug|Any CPU.Build.0 = Debug|Any CPU
		{2EF683C9-6491-E45E-E000-1D2E6721B3FA}.Release|Any CPU.ActiveCfg = Release|Any CPU
		{2EF683C9-6491-E45E-E000-1D2E6721B3FA}.Release|Any CPU.Build.0 = Release|Any CPU
	EndGlobalSection
	GlobalSection(SolutionProperties) = preSolution
		HideSolutionNode = FALSE
	EndGlobalSection
EndGlobal
